
Microsoft Visual Studio Solution File, Format Version 12.00
# Visual Studio Version 17
VisualStudioVersion = 17.12.35707.178
MinimumVisualStudioVersion = 10.0.40219.1
Project("{2150E333-8FDC-42A3-9474-1A3956D46DE8}") = "Lesson_03", "Lesson_03", "{13BE1F63-7B2B-4FED-A4F3-652E13B1E3CA}"
EndProject
Project("{FAE04EC0-301F-11D3-BF4B-00C04F79EFBC}") = "Task_3_4", "Task_3_4\Task_3_4.csproj", "{0D5C77C9-AF1F-48FF-83C9-65279931F66C}"
EndProject
Project("{FAE04EC0-301F-11D3-BF4B-00C04F79EFBC}") = "task_03_05", "task_03_05\task_03_05.csproj", "{498B9628-A843-412F-A66C-001FDB725F9C}"
EndProject
Project("{FAE04EC0-301F-11D3-BF4B-00C04F79EFBC}") = "task_03_06", "task_03_06\task_03_06.csproj", "{EB06ED3D-96DE-4D97-AEBA-011260EE9685}"
EndProject
Project("{FAE04EC0-301F-11D3-BF4B-00C04F79EFBC}") = "task_03_07", "task_03_07\task_03_07.csproj", "{764D6926-769C-4B38-9D66-518E626AC610}"
EndProject
Project("{FAE04EC0-301F-11D3-BF4B-00C04F79EFBC}") = "task_03_08", "task_03_08\task_03_08.csproj", "{9E6D8736-DFA6-480B-A7FE-E5468EAF4639}"
EndProject
Project("{FAE04EC0-301F-11D3-BF4B-00C04F79EFBC}") = "task_03_09", "task_03_09\task_03_09.csproj", "{59A673AD-46F1-4A1A-99AE-67BA891F8251}"
EndProject
Project("{2150E333-8FDC-42A3-9474-1A3956D46DE8}") = "Lesson_04", "Lesson_04", "{EA8E90DB-89D7-497D-A24C-05CA54B4F41B}"
	ProjectSection(SolutionItems) = preProject
		task_03_09\Program.cs = task_03_09\Program.cs
	EndProjectSection
EndProject
Project("{FAE04EC0-301F-11D3-BF4B-00C04F79EFBC}") = "task_04_05", "task_04_05\task_04_05.csproj", "{6AAB8EEE-ED0D-426F-AC8F-EA95879DE7F6}"
EndProject
Project("{FAE04EC0-301F-11D3-BF4B-00C04F79EFBC}") = "task_04_06", "task_04_06\task_04_06.csproj", "{0F0E5B0C-DD37-45D8-9F9C-5D990ADA5A49}"
EndProject
Project("{FAE04EC0-301F-11D3-BF4B-00C04F79EFBC}") = "task_04_07", "task_04_07\task_04_07.csproj", "{22D7ADC3-F282-4572-A044-9B3296A7A1FB}"
EndProject
Project("{FAE04EC0-301F-11D3-BF4B-00C04F79EFBC}") = "task_04_08", "task_04_08\task_04_08.csproj", "{C392A7B1-B6F2-475A-8ADD-5EDC07CACD0F}"
EndProject
Project("{FAE04EC0-301F-11D3-BF4B-00C04F79EFBC}") = "task_04_09", "task_04_09\task_04_09.csproj", "{55775343-7E8E-408F-BC03-252F4007093B}"
EndProject
Project("{FAE04EC0-301F-11D3-BF4B-00C04F79EFBC}") = "task_04_10", "task_04_10\task_04_10.csproj", "{BECCF2D4-00F4-4F0D-A2E5-06992C863C89}"
EndProject
Project("{2150E333-8FDC-42A3-9474-1A3956D46DE8}") = "Lesson_05", "Lesson_05", "{E0C44BEE-56CA-4D10-9C37-267353FB50A5}"
EndProject
Project("{FAE04EC0-301F-11D3-BF4B-00C04F79EFBC}") = "Task_05_03", "Task_05_03\Task_05_03.csproj", "{EBD7BDC4-6BA3-46B5-A607-B00EC250D927}"
EndProject
Project("{FAE04EC0-301F-11D3-BF4B-00C04F79EFBC}") = "Task_05_04", "Task_05_04\Task_05_04.csproj", "{1EA55969-420C-47E1-89BE-498B62CD6CA6}"
EndProject
Project("{FAE04EC0-301F-11D3-BF4B-00C04F79EFBC}") = "task_05_05", "task_05_05\task_05_05.csproj", "{914E2E16-71DE-4F9E-A5AE-B1E034A68F9A}"
EndProject
Project("{FAE04EC0-301F-11D3-BF4B-00C04F79EFBC}") = "task_05_06", "task_05_06\task_05_06.csproj", "{C1808D21-87E4-4E48-BE41-ED8903B6C646}"
EndProject
Project("{FAE04EC0-301F-11D3-BF4B-00C04F79EFBC}") = "task_05_07", "task_05_07\task_05_07.csproj", "{B119D2E0-F9C2-4042-9B12-38E963762DF6}"
EndProject
Project("{FAE04EC0-301F-11D3-BF4B-00C04F79EFBC}") = "task_05_08", "task_05_08\task_05_08.csproj", "{29D7D04D-7038-414E-9600-C93F67F93025}"
EndProject
Project("{FAE04EC0-301F-11D3-BF4B-00C04F79EFBC}") = "task_05_09", "task_05_09\task_05_09.csproj", "{BE98D04C-9CED-4206-8D5B-4DBEF46ED4CE}"
EndProject
Project("{2150E333-8FDC-42A3-9474-1A3956D46DE8}") = "Lesson_10", "Lesson_10", "{347562ED-6ABC-48D9-8C70-7D661EA389C6}"
EndProject
Project("{FAE04EC0-301F-11D3-BF4B-00C04F79EFBC}") = "task_10_06", "task_10_06\task_10_06.csproj", "{B9860FE5-1EDA-48B0-8279-EF6BC94B73FB}"
EndProject
Project("{FAE04EC0-301F-11D3-BF4B-00C04F79EFBC}") = "task_10_07", "task_10_07\task_10_07.csproj", "{14A8F7F6-C117-4E6B-A3CD-485BCF601761}"
EndProject
Project("{FAE04EC0-301F-11D3-BF4B-00C04F79EFBC}") = "task_10_08", "task_06_08\task_10_08.csproj", "{F1BF1816-2D14-4496-8933-BF032EED7F1E}"
EndProject
Project("{2150E333-8FDC-42A3-9474-1A3956D46DE8}") = "Lesson_11", "Lesson_11", "{AD89705B-FDE5-4AD2-8892-A49C2655AA58}"
EndProject
Project("{FAE04EC0-301F-11D3-BF4B-00C04F79EFBC}") = "task_11_01", "task_11_01\task_11_01.csproj", "{5A45ECB3-49C4-4C13-A7FD-420B306EF66F}"
EndProject
Project("{FAE04EC0-301F-11D3-BF4B-00C04F79EFBC}") = "task_11_02", "task_11_02\task_11_02.csproj", "{B2A21E50-6D69-44AA-BE8B-2F7C9EC3C729}"
EndProject
Project("{FAE04EC0-301F-11D3-BF4B-00C04F79EFBC}") = "task_11_03", "task_11_03\task_11_03.csproj", "{EF6096AB-2657-4908-A3C7-7096C6AE095F}"
EndProject
Project("{FAE04EC0-301F-11D3-BF4B-00C04F79EFBC}") = "task_11_04", "task_11_04\task_11_04.csproj", "{5C97C727-D8E6-4DEA-BE6E-9BD9219FF6D7}"
EndProject
Project("{FAE04EC0-301F-11D3-BF4B-00C04F79EFBC}") = "task_11_05", "taask_11_05\task_11_05.csproj", "{66F020DB-3143-4BD1-B04C-54221175B9D4}"
EndProject
Project("{FAE04EC0-301F-11D3-BF4B-00C04F79EFBC}") = "task_11_06", "task_11_06\task_11_06.csproj", "{FA9FE38B-4E38-42C2-82E0-FB025ECE489D}"
EndProject
Project("{FAE04EC0-301F-11D3-BF4B-00C04F79EFBC}") = "task_11_07", "task_11_07\task_11_07.csproj", "{D7BF6827-7B95-42E3-BBA4-8519F22D06D7}"
EndProject
Project("{FAE04EC0-301F-11D3-BF4B-00C04F79EFBC}") = "task_11_08", "task_11_08\task_11_08.csproj", "{298FB03D-B86E-4A03-B936-72D24A6F6AAB}"
EndProject
Project("{2150E333-8FDC-42A3-9474-1A3956D46DE8}") = "Lesson_12", "Lesson_12", "{73B137A4-7C70-4ADE-9912-A86582251B3F}"
EndProject
Project("{FAE04EC0-301F-11D3-BF4B-00C04F79EFBC}") = "task_12_01", "task_12_01\task_12_01.csproj", "{3C30F94A-84B3-4A0B-9D50-24E62E2AA1A3}"
EndProject
Project("{FAE04EC0-301F-11D3-BF4B-00C04F79EFBC}") = "task_12_02", "task_12_02\task_12_02.csproj", "{54DE6119-2A06-45FA-929E-3E5BEDB2225D}"
EndProject
Project("{2150E333-8FDC-42A3-9474-1A3956D46DE8}") = "Lesson_13", "Lesson_13", "{4DD29912-0D46-4F32-9505-75063FD5E677}"
EndProject
Project("{FAE04EC0-301F-11D3-BF4B-00C04F79EFBC}") = "task_13_02", "task_13_02\task_13_02.csproj", "{772FA181-F985-49EF-910E-0BE053A2171F}"
EndProject
Project("{FAE04EC0-301F-11D3-BF4B-00C04F79EFBC}") = "task_13_03", "task_13_03\task_13_03.csproj", "{31EAC862-318D-42B1-B7E5-7CE336245E32}"
EndProject
Project("{2150E333-8FDC-42A3-9474-1A3956D46DE8}") = "Lesson_14", "Lesson_14", "{D299D820-B732-4085-BF71-C62A3B97A356}"
EndProject
Project("{FAE04EC0-301F-11D3-BF4B-00C04F79EFBC}") = "task_14_03", "task_14_03\task_14_03.csproj", "{1281B448-EBBC-4338-B9F1-3A64E416039E}"
EndProject
Project("{FAE04EC0-301F-11D3-BF4B-00C04F79EFBC}") = "task_14_04", "task_14_04\task_14_04.csproj", "{63F088A7-FF1D-4C37-A119-31567F24E74E}"
EndProject
Project("{2150E333-8FDC-42A3-9474-1A3956D46DE8}") = "Lesson_19", "Lesson_19", "{53C30D9B-AAD8-4226-A1C0-015FB82EAAE9}"
EndProject
Project("{FAE04EC0-301F-11D3-BF4B-00C04F79EFBC}") = "task_19_01", "task_19_01\task_19_01.csproj", "{03202680-CCEF-43F9-B01C-2CD732D50F58}"
EndProject
Project("{FAE04EC0-301F-11D3-BF4B-00C04F79EFBC}") = "task_19_02", "task_19_02\task_19_02.csproj", "{DAA5EE1D-9342-4721-824D-49761550C325}"
EndProject
Project("{FAE04EC0-301F-11D3-BF4B-00C04F79EFBC}") = "task_19_03", "task_19_03\task_19_03.csproj", "{192A4E8D-EAE1-492C-93EC-69D6EB6E44D8}"
EndProject
Project("{2150E333-8FDC-42A3-9474-1A3956D46DE8}") = "Lesson_20", "Lesson_20", "{88754945-F59C-403B-B76B-BF2159DC67DE}"
EndProject
Project("{FAE04EC0-301F-11D3-BF4B-00C04F79EFBC}") = "task_20_04", "task_20_04\task_20_04.csproj", "{17FD59A4-B32F-4274-92FE-09FDF53E4B7B}"
EndProject
Project("{FAE04EC0-301F-11D3-BF4B-00C04F79EFBC}") = "task_20_05", "task_20_05\task_20_05.csproj", "{D6EFD2B6-FB3C-44F9-805F-069A3ADD9D62}"
EndProject
Project("{FAE04EC0-301F-11D3-BF4B-00C04F79EFBC}") = "task_20_06", "task_20_06\task_20_06.csproj", "{07A8064B-1D8F-4181-8E14-3E741E3701F9}"
EndProject
Project("{FAE04EC0-301F-11D3-BF4B-00C04F79EFBC}") = "task_20_03", "task_20_03\task_20_03.csproj", "{0BE44579-F46D-496B-B5BB-EA0A68FD45C4}"
EndProject
Project("{2150E333-8FDC-42A3-9474-1A3956D46DE8}") = "Lesson_21", "Lesson_21", "{DDBF3D7D-4CC6-49C0-AF9B-FE52A4B53804}"
EndProject
Project("{FAE04EC0-301F-11D3-BF4B-00C04F79EFBC}") = "task_21_06", "task_21_06\task_21_06.csproj", "{67512B4E-3044-4141-A4CA-25FCFB983055}"
EndProject
Project("{FAE04EC0-301F-11D3-BF4B-00C04F79EFBC}") = "task_21_07", "task_21_07\task_21_07.csproj", "{C4F8468E-3451-4D17-B7C0-3E6180CBD221}"
EndProject
Project("{FAE04EC0-301F-11D3-BF4B-00C04F79EFBC}") = "task_21_10", "task_21_10\task_21_10.csproj", "{2749D6AB-6E51-44F9-BE11-89CDDA946362}"
EndProject
Project("{FAE04EC0-301F-11D3-BF4B-00C04F79EFBC}") = "task_21_08", "task_21_08\task_21_08.csproj", "{CA7D78E5-20D3-4C6B-8C90-1C2BBF04656A}"
EndProject
Project("{FAE04EC0-301F-11D3-BF4B-00C04F79EFBC}") = "task_21_09", "task_21_09\task_21_09.csproj", "{2F8D5D84-A2F2-4016-876C-22239E333D28}"
EndProject
Project("{2150E333-8FDC-42A3-9474-1A3956D46DE8}") = "Lesson_23", "Lesson_23", "{B561A838-554D-44B4-9669-3EC9BB15F922}"
EndProject
Project("{FAE04EC0-301F-11D3-BF4B-00C04F79EFBC}") = "task_23_06", "task_23_06\task_23_06.csproj", "{C003EC8F-78E0-4B51-8E5C-496E9AE5FCC3}"
EndProject
Project("{2150E333-8FDC-42A3-9474-1A3956D46DE8}") = "Lesson_24", "Lesson_24", "{A05444E8-8521-40EA-9CFF-DBEB556E53DA}"
EndProject
Project("{FAE04EC0-301F-11D3-BF4B-00C04F79EFBC}") = "task_24_06", "task_24_06\task_24_06.csproj", "{4F3A342F-4FF7-4744-B525-01368390280C}"
EndProject
Project("{FAE04EC0-301F-11D3-BF4B-00C04F79EFBC}") = "task_24_07", "task_24_07\task_24_07.csproj", "{152014F4-4B93-41BE-9E82-0C9C43373165}"
EndProject
Project("{FAE04EC0-301F-11D3-BF4B-00C04F79EFBC}") = "task_24_08", "task_24_08\task_24_08.csproj", "{F5345FF5-9DE9-4897-8BBE-609ACE3B1B08}"
EndProject
Global
	GlobalSection(SolutionConfigurationPlatforms) = preSolution
		Debug|Any CPU = Debug|Any CPU
		Release|Any CPU = Release|Any CPU
	EndGlobalSection
	GlobalSection(ProjectConfigurationPlatforms) = postSolution
		{0D5C77C9-AF1F-48FF-83C9-65279931F66C}.Debug|Any CPU.ActiveCfg = Debug|Any CPU
		{0D5C77C9-AF1F-48FF-83C9-65279931F66C}.Debug|Any CPU.Build.0 = Debug|Any CPU
		{0D5C77C9-AF1F-48FF-83C9-65279931F66C}.Release|Any CPU.ActiveCfg = Release|Any CPU
		{0D5C77C9-AF1F-48FF-83C9-65279931F66C}.Release|Any CPU.Build.0 = Release|Any CPU
		{498B9628-A843-412F-A66C-001FDB725F9C}.Debug|Any CPU.ActiveCfg = Debug|Any CPU
		{498B9628-A843-412F-A66C-001FDB725F9C}.Debug|Any CPU.Build.0 = Debug|Any CPU
		{498B9628-A843-412F-A66C-001FDB725F9C}.Release|Any CPU.ActiveCfg = Release|Any CPU
		{498B9628-A843-412F-A66C-001FDB725F9C}.Release|Any CPU.Build.0 = Release|Any CPU
		{EB06ED3D-96DE-4D97-AEBA-011260EE9685}.Debug|Any CPU.ActiveCfg = Debug|Any CPU
		{EB06ED3D-96DE-4D97-AEBA-011260EE9685}.Debug|Any CPU.Build.0 = Debug|Any CPU
		{EB06ED3D-96DE-4D97-AEBA-011260EE9685}.Release|Any CPU.ActiveCfg = Release|Any CPU
		{EB06ED3D-96DE-4D97-AEBA-011260EE9685}.Release|Any CPU.Build.0 = Release|Any CPU
		{764D6926-769C-4B38-9D66-518E626AC610}.Debug|Any CPU.ActiveCfg = Debug|Any CPU
		{764D6926-769C-4B38-9D66-518E626AC610}.Debug|Any CPU.Build.0 = Debug|Any CPU
		{764D6926-769C-4B38-9D66-518E626AC610}.Release|Any CPU.ActiveCfg = Release|Any CPU
		{764D6926-769C-4B38-9D66-518E626AC610}.Release|Any CPU.Build.0 = Release|Any CPU
		{9E6D8736-DFA6-480B-A7FE-E5468EAF4639}.Debug|Any CPU.ActiveCfg = Debug|Any CPU
		{9E6D8736-DFA6-480B-A7FE-E5468EAF4639}.Debug|Any CPU.Build.0 = Debug|Any CPU
		{9E6D8736-DFA6-480B-A7FE-E5468EAF4639}.Release|Any CPU.ActiveCfg = Release|Any CPU
		{9E6D8736-DFA6-480B-A7FE-E5468EAF4639}.Release|Any CPU.Build.0 = Release|Any CPU
		{59A673AD-46F1-4A1A-99AE-67BA891F8251}.Debug|Any CPU.ActiveCfg = Debug|Any CPU
		{59A673AD-46F1-4A1A-99AE-67BA891F8251}.Debug|Any CPU.Build.0 = Debug|Any CPU
		{59A673AD-46F1-4A1A-99AE-67BA891F8251}.Release|Any CPU.ActiveCfg = Release|Any CPU
		{59A673AD-46F1-4A1A-99AE-67BA891F8251}.Release|Any CPU.Build.0 = Release|Any CPU
		{6AAB8EEE-ED0D-426F-AC8F-EA95879DE7F6}.Debug|Any CPU.ActiveCfg = Debug|Any CPU
		{6AAB8EEE-ED0D-426F-AC8F-EA95879DE7F6}.Debug|Any CPU.Build.0 = Debug|Any CPU
		{6AAB8EEE-ED0D-426F-AC8F-EA95879DE7F6}.Release|Any CPU.ActiveCfg = Release|Any CPU
		{6AAB8EEE-ED0D-426F-AC8F-EA95879DE7F6}.Release|Any CPU.Build.0 = Release|Any CPU
		{0F0E5B0C-DD37-45D8-9F9C-5D990ADA5A49}.Debug|Any CPU.ActiveCfg = Debug|Any CPU
		{0F0E5B0C-DD37-45D8-9F9C-5D990ADA5A49}.Debug|Any CPU.Build.0 = Debug|Any CPU
		{0F0E5B0C-DD37-45D8-9F9C-5D990ADA5A49}.Release|Any CPU.ActiveCfg = Release|Any CPU
		{0F0E5B0C-DD37-45D8-9F9C-5D990ADA5A49}.Release|Any CPU.Build.0 = Release|Any CPU
		{22D7ADC3-F282-4572-A044-9B3296A7A1FB}.Debug|Any CPU.ActiveCfg = Debug|Any CPU
		{22D7ADC3-F282-4572-A044-9B3296A7A1FB}.Debug|Any CPU.Build.0 = Debug|Any CPU
		{22D7ADC3-F282-4572-A044-9B3296A7A1FB}.Release|Any CPU.ActiveCfg = Release|Any CPU
		{22D7ADC3-F282-4572-A044-9B3296A7A1FB}.Release|Any CPU.Build.0 = Release|Any CPU
		{C392A7B1-B6F2-475A-8ADD-5EDC07CACD0F}.Debug|Any CPU.ActiveCfg = Debug|Any CPU
		{C392A7B1-B6F2-475A-8ADD-5EDC07CACD0F}.Debug|Any CPU.Build.0 = Debug|Any CPU
		{C392A7B1-B6F2-475A-8ADD-5EDC07CACD0F}.Release|Any CPU.ActiveCfg = Release|Any CPU
		{C392A7B1-B6F2-475A-8ADD-5EDC07CACD0F}.Release|Any CPU.Build.0 = Release|Any CPU
		{55775343-7E8E-408F-BC03-252F4007093B}.Debug|Any CPU.ActiveCfg = Debug|Any CPU
		{55775343-7E8E-408F-BC03-252F4007093B}.Debug|Any CPU.Build.0 = Debug|Any CPU
		{55775343-7E8E-408F-BC03-252F4007093B}.Release|Any CPU.ActiveCfg = Release|Any CPU
		{55775343-7E8E-408F-BC03-252F4007093B}.Release|Any CPU.Build.0 = Release|Any CPU
		{BECCF2D4-00F4-4F0D-A2E5-06992C863C89}.Debug|Any CPU.ActiveCfg = Debug|Any CPU
		{BECCF2D4-00F4-4F0D-A2E5-06992C863C89}.Debug|Any CPU.Build.0 = Debug|Any CPU
		{BECCF2D4-00F4-4F0D-A2E5-06992C863C89}.Release|Any CPU.ActiveCfg = Release|Any CPU
		{BECCF2D4-00F4-4F0D-A2E5-06992C863C89}.Release|Any CPU.Build.0 = Release|Any CPU
		{EBD7BDC4-6BA3-46B5-A607-B00EC250D927}.Debug|Any CPU.ActiveCfg = Debug|Any CPU
		{EBD7BDC4-6BA3-46B5-A607-B00EC250D927}.Debug|Any CPU.Build.0 = Debug|Any CPU
		{EBD7BDC4-6BA3-46B5-A607-B00EC250D927}.Release|Any CPU.ActiveCfg = Release|Any CPU
		{EBD7BDC4-6BA3-46B5-A607-B00EC250D927}.Release|Any CPU.Build.0 = Release|Any CPU
		{1EA55969-420C-47E1-89BE-498B62CD6CA6}.Debug|Any CPU.ActiveCfg = Debug|Any CPU
		{1EA55969-420C-47E1-89BE-498B62CD6CA6}.Debug|Any CPU.Build.0 = Debug|Any CPU
		{1EA55969-420C-47E1-89BE-498B62CD6CA6}.Release|Any CPU.ActiveCfg = Release|Any CPU
		{1EA55969-420C-47E1-89BE-498B62CD6CA6}.Release|Any CPU.Build.0 = Release|Any CPU
		{914E2E16-71DE-4F9E-A5AE-B1E034A68F9A}.Debug|Any CPU.ActiveCfg = Debug|Any CPU
		{914E2E16-71DE-4F9E-A5AE-B1E034A68F9A}.Debug|Any CPU.Build.0 = Debug|Any CPU
		{914E2E16-71DE-4F9E-A5AE-B1E034A68F9A}.Release|Any CPU.ActiveCfg = Release|Any CPU
		{914E2E16-71DE-4F9E-A5AE-B1E034A68F9A}.Release|Any CPU.Build.0 = Release|Any CPU
		{C1808D21-87E4-4E48-BE41-ED8903B6C646}.Debug|Any CPU.ActiveCfg = Debug|Any CPU
		{C1808D21-87E4-4E48-BE41-ED8903B6C646}.Debug|Any CPU.Build.0 = Debug|Any CPU
		{C1808D21-87E4-4E48-BE41-ED8903B6C646}.Release|Any CPU.ActiveCfg = Release|Any CPU
		{C1808D21-87E4-4E48-BE41-ED8903B6C646}.Release|Any CPU.Build.0 = Release|Any CPU
		{B119D2E0-F9C2-4042-9B12-38E963762DF6}.Debug|Any CPU.ActiveCfg = Debug|Any CPU
		{B119D2E0-F9C2-4042-9B12-38E963762DF6}.Debug|Any CPU.Build.0 = Debug|Any CPU
		{B119D2E0-F9C2-4042-9B12-38E963762DF6}.Release|Any CPU.ActiveCfg = Release|Any CPU
		{B119D2E0-F9C2-4042-9B12-38E963762DF6}.Release|Any CPU.Build.0 = Release|Any CPU
		{29D7D04D-7038-414E-9600-C93F67F93025}.Debug|Any CPU.ActiveCfg = Debug|Any CPU
		{29D7D04D-7038-414E-9600-C93F67F93025}.Debug|Any CPU.Build.0 = Debug|Any CPU
		{29D7D04D-7038-414E-9600-C93F67F93025}.Release|Any CPU.ActiveCfg = Release|Any CPU
		{29D7D04D-7038-414E-9600-C93F67F93025}.Release|Any CPU.Build.0 = Release|Any CPU
		{BE98D04C-9CED-4206-8D5B-4DBEF46ED4CE}.Debug|Any CPU.ActiveCfg = Debug|Any CPU
		{BE98D04C-9CED-4206-8D5B-4DBEF46ED4CE}.Debug|Any CPU.Build.0 = Debug|Any CPU
		{BE98D04C-9CED-4206-8D5B-4DBEF46ED4CE}.Release|Any CPU.ActiveCfg = Release|Any CPU
		{BE98D04C-9CED-4206-8D5B-4DBEF46ED4CE}.Release|Any CPU.Build.0 = Release|Any CPU
		{B9860FE5-1EDA-48B0-8279-EF6BC94B73FB}.Debug|Any CPU.ActiveCfg = Debug|Any CPU
		{B9860FE5-1EDA-48B0-8279-EF6BC94B73FB}.Debug|Any CPU.Build.0 = Debug|Any CPU
		{B9860FE5-1EDA-48B0-8279-EF6BC94B73FB}.Release|Any CPU.ActiveCfg = Release|Any CPU
		{B9860FE5-1EDA-48B0-8279-EF6BC94B73FB}.Release|Any CPU.Build.0 = Release|Any CPU
		{14A8F7F6-C117-4E6B-A3CD-485BCF601761}.Debug|Any CPU.ActiveCfg = Debug|Any CPU
		{14A8F7F6-C117-4E6B-A3CD-485BCF601761}.Debug|Any CPU.Build.0 = Debug|Any CPU
		{14A8F7F6-C117-4E6B-A3CD-485BCF601761}.Release|Any CPU.ActiveCfg = Release|Any CPU
		{14A8F7F6-C117-4E6B-A3CD-485BCF601761}.Release|Any CPU.Build.0 = Release|Any CPU
		{F1BF1816-2D14-4496-8933-BF032EED7F1E}.Debug|Any CPU.ActiveCfg = Debug|Any CPU
		{F1BF1816-2D14-4496-8933-BF032EED7F1E}.Debug|Any CPU.Build.0 = Debug|Any CPU
		{F1BF1816-2D14-4496-8933-BF032EED7F1E}.Release|Any CPU.ActiveCfg = Release|Any CPU
		{F1BF1816-2D14-4496-8933-BF032EED7F1E}.Release|Any CPU.Build.0 = Release|Any CPU
		{5A45ECB3-49C4-4C13-A7FD-420B306EF66F}.Debug|Any CPU.ActiveCfg = Debug|Any CPU
		{5A45ECB3-49C4-4C13-A7FD-420B306EF66F}.Debug|Any CPU.Build.0 = Debug|Any CPU
		{5A45ECB3-49C4-4C13-A7FD-420B306EF66F}.Release|Any CPU.ActiveCfg = Release|Any CPU
		{5A45ECB3-49C4-4C13-A7FD-420B306EF66F}.Release|Any CPU.Build.0 = Release|Any CPU
		{B2A21E50-6D69-44AA-BE8B-2F7C9EC3C729}.Debug|Any CPU.ActiveCfg = Debug|Any CPU
		{B2A21E50-6D69-44AA-BE8B-2F7C9EC3C729}.Debug|Any CPU.Build.0 = Debug|Any CPU
		{B2A21E50-6D69-44AA-BE8B-2F7C9EC3C729}.Release|Any CPU.ActiveCfg = Release|Any CPU
		{B2A21E50-6D69-44AA-BE8B-2F7C9EC3C729}.Release|Any CPU.Build.0 = Release|Any CPU
		{EF6096AB-2657-4908-A3C7-7096C6AE095F}.Debug|Any CPU.ActiveCfg = Debug|Any CPU
		{EF6096AB-2657-4908-A3C7-7096C6AE095F}.Debug|Any CPU.Build.0 = Debug|Any CPU
		{EF6096AB-2657-4908-A3C7-7096C6AE095F}.Release|Any CPU.ActiveCfg = Release|Any CPU
		{EF6096AB-2657-4908-A3C7-7096C6AE095F}.Release|Any CPU.Build.0 = Release|Any CPU
		{5C97C727-D8E6-4DEA-BE6E-9BD9219FF6D7}.Debug|Any CPU.ActiveCfg = Debug|Any CPU
		{5C97C727-D8E6-4DEA-BE6E-9BD9219FF6D7}.Debug|Any CPU.Build.0 = Debug|Any CPU
		{5C97C727-D8E6-4DEA-BE6E-9BD9219FF6D7}.Release|Any CPU.ActiveCfg = Release|Any CPU
		{5C97C727-D8E6-4DEA-BE6E-9BD9219FF6D7}.Release|Any CPU.Build.0 = Release|Any CPU
		{66F020DB-3143-4BD1-B04C-54221175B9D4}.Debug|Any CPU.ActiveCfg = Debug|Any CPU
		{66F020DB-3143-4BD1-B04C-54221175B9D4}.Debug|Any CPU.Build.0 = Debug|Any CPU
		{66F020DB-3143-4BD1-B04C-54221175B9D4}.Release|Any CPU.ActiveCfg = Release|Any CPU
		{66F020DB-3143-4BD1-B04C-54221175B9D4}.Release|Any CPU.Build.0 = Release|Any CPU
		{FA9FE38B-4E38-42C2-82E0-FB025ECE489D}.Debug|Any CPU.ActiveCfg = Debug|Any CPU
		{FA9FE38B-4E38-42C2-82E0-FB025ECE489D}.Debug|Any CPU.Build.0 = Debug|Any CPU
		{FA9FE38B-4E38-42C2-82E0-FB025ECE489D}.Release|Any CPU.ActiveCfg = Release|Any CPU
		{FA9FE38B-4E38-42C2-82E0-FB025ECE489D}.Release|Any CPU.Build.0 = Release|Any CPU
		{D7BF6827-7B95-42E3-BBA4-8519F22D06D7}.Debug|Any CPU.ActiveCfg = Debug|Any CPU
		{D7BF6827-7B95-42E3-BBA4-8519F22D06D7}.Debug|Any CPU.Build.0 = Debug|Any CPU
		{D7BF6827-7B95-42E3-BBA4-8519F22D06D7}.Release|Any CPU.ActiveCfg = Release|Any CPU
		{D7BF6827-7B95-42E3-BBA4-8519F22D06D7}.Release|Any CPU.Build.0 = Release|Any CPU
		{298FB03D-B86E-4A03-B936-72D24A6F6AAB}.Debug|Any CPU.ActiveCfg = Debug|Any CPU
		{298FB03D-B86E-4A03-B936-72D24A6F6AAB}.Debug|Any CPU.Build.0 = Debug|Any CPU
		{298FB03D-B86E-4A03-B936-72D24A6F6AAB}.Release|Any CPU.ActiveCfg = Release|Any CPU
		{298FB03D-B86E-4A03-B936-72D24A6F6AAB}.Release|Any CPU.Build.0 = Release|Any CPU
		{3C30F94A-84B3-4A0B-9D50-24E62E2AA1A3}.Debug|Any CPU.ActiveCfg = Debug|Any CPU
		{3C30F94A-84B3-4A0B-9D50-24E62E2AA1A3}.Debug|Any CPU.Build.0 = Debug|Any CPU
		{3C30F94A-84B3-4A0B-9D50-24E62E2AA1A3}.Release|Any CPU.ActiveCfg = Release|Any CPU
		{3C30F94A-84B3-4A0B-9D50-24E62E2AA1A3}.Release|Any CPU.Build.0 = Release|Any CPU
		{54DE6119-2A06-45FA-929E-3E5BEDB2225D}.Debug|Any CPU.ActiveCfg = Debug|Any CPU
		{54DE6119-2A06-45FA-929E-3E5BEDB2225D}.Debug|Any CPU.Build.0 = Debug|Any CPU
		{54DE6119-2A06-45FA-929E-3E5BEDB2225D}.Release|Any CPU.ActiveCfg = Release|Any CPU
		{54DE6119-2A06-45FA-929E-3E5BEDB2225D}.Release|Any CPU.Build.0 = Release|Any CPU
		{772FA181-F985-49EF-910E-0BE053A2171F}.Debug|Any CPU.ActiveCfg = Debug|Any CPU
		{772FA181-F985-49EF-910E-0BE053A2171F}.Debug|Any CPU.Build.0 = Debug|Any CPU
		{772FA181-F985-49EF-910E-0BE053A2171F}.Release|Any CPU.ActiveCfg = Release|Any CPU
		{772FA181-F985-49EF-910E-0BE053A2171F}.Release|Any CPU.Build.0 = Release|Any CPU
		{31EAC862-318D-42B1-B7E5-7CE336245E32}.Debug|Any CPU.ActiveCfg = Debug|Any CPU
		{31EAC862-318D-42B1-B7E5-7CE336245E32}.Debug|Any CPU.Build.0 = Debug|Any CPU
		{31EAC862-318D-42B1-B7E5-7CE336245E32}.Release|Any CPU.ActiveCfg = Release|Any CPU
		{31EAC862-318D-42B1-B7E5-7CE336245E32}.Release|Any CPU.Build.0 = Release|Any CPU
		{1281B448-EBBC-4338-B9F1-3A64E416039E}.Debug|Any CPU.ActiveCfg = Debug|Any CPU
		{1281B448-EBBC-4338-B9F1-3A64E416039E}.Debug|Any CPU.Build.0 = Debug|Any CPU
		{1281B448-EBBC-4338-B9F1-3A64E416039E}.Release|Any CPU.ActiveCfg = Release|Any CPU
		{1281B448-EBBC-4338-B9F1-3A64E416039E}.Release|Any CPU.Build.0 = Release|Any CPU
		{63F088A7-FF1D-4C37-A119-31567F24E74E}.Debug|Any CPU.ActiveCfg = Debug|Any CPU
		{63F088A7-FF1D-4C37-A119-31567F24E74E}.Debug|Any CPU.Build.0 = Debug|Any CPU
		{63F088A7-FF1D-4C37-A119-31567F24E74E}.Release|Any CPU.ActiveCfg = Release|Any CPU
		{63F088A7-FF1D-4C37-A119-31567F24E74E}.Release|Any CPU.Build.0 = Release|Any CPU
		{03202680-CCEF-43F9-B01C-2CD732D50F58}.Debug|Any CPU.ActiveCfg = Debug|Any CPU
		{03202680-CCEF-43F9-B01C-2CD732D50F58}.Debug|Any CPU.Build.0 = Debug|Any CPU
		{03202680-CCEF-43F9-B01C-2CD732D50F58}.Release|Any CPU.ActiveCfg = Release|Any CPU
		{03202680-CCEF-43F9-B01C-2CD732D50F58}.Release|Any CPU.Build.0 = Release|Any CPU
		{DAA5EE1D-9342-4721-824D-49761550C325}.Debug|Any CPU.ActiveCfg = Debug|Any CPU
		{DAA5EE1D-9342-4721-824D-49761550C325}.Debug|Any CPU.Build.0 = Debug|Any CPU
		{DAA5EE1D-9342-4721-824D-49761550C325}.Release|Any CPU.ActiveCfg = Release|Any CPU
		{DAA5EE1D-9342-4721-824D-49761550C325}.Release|Any CPU.Build.0 = Release|Any CPU
		{192A4E8D-EAE1-492C-93EC-69D6EB6E44D8}.Debug|Any CPU.ActiveCfg = Debug|Any CPU
		{192A4E8D-EAE1-492C-93EC-69D6EB6E44D8}.Debug|Any CPU.Build.0 = Debug|Any CPU
		{192A4E8D-EAE1-492C-93EC-69D6EB6E44D8}.Release|Any CPU.ActiveCfg = Release|Any CPU
		{192A4E8D-EAE1-492C-93EC-69D6EB6E44D8}.Release|Any CPU.Build.0 = Release|Any CPU
		{17FD59A4-B32F-4274-92FE-09FDF53E4B7B}.Debug|Any CPU.ActiveCfg = Debug|Any CPU
		{17FD59A4-B32F-4274-92FE-09FDF53E4B7B}.Debug|Any CPU.Build.0 = Debug|Any CPU
		{17FD59A4-B32F-4274-92FE-09FDF53E4B7B}.Release|Any CPU.ActiveCfg = Release|Any CPU
		{17FD59A4-B32F-4274-92FE-09FDF53E4B7B}.Release|Any CPU.Build.0 = Release|Any CPU
		{D6EFD2B6-FB3C-44F9-805F-069A3ADD9D62}.Debug|Any CPU.ActiveCfg = Debug|Any CPU
		{D6EFD2B6-FB3C-44F9-805F-069A3ADD9D62}.Debug|Any CPU.Build.0 = Debug|Any CPU
		{D6EFD2B6-FB3C-44F9-805F-069A3ADD9D62}.Release|Any CPU.ActiveCfg = Release|Any CPU
		{D6EFD2B6-FB3C-44F9-805F-069A3ADD9D62}.Release|Any CPU.Build.0 = Release|Any CPU
		{07A8064B-1D8F-4181-8E14-3E741E3701F9}.Debug|Any CPU.ActiveCfg = Debug|Any CPU
		{07A8064B-1D8F-4181-8E14-3E741E3701F9}.Debug|Any CPU.Build.0 = Debug|Any CPU
		{07A8064B-1D8F-4181-8E14-3E741E3701F9}.Release|Any CPU.ActiveCfg = Release|Any CPU
		{07A8064B-1D8F-4181-8E14-3E741E3701F9}.Release|Any CPU.Build.0 = Release|Any CPU
		{0BE44579-F46D-496B-B5BB-EA0A68FD45C4}.Debug|Any CPU.ActiveCfg = Debug|Any CPU
		{0BE44579-F46D-496B-B5BB-EA0A68FD45C4}.Debug|Any CPU.Build.0 = Debug|Any CPU
		{0BE44579-F46D-496B-B5BB-EA0A68FD45C4}.Release|Any CPU.ActiveCfg = Release|Any CPU
		{0BE44579-F46D-496B-B5BB-EA0A68FD45C4}.Release|Any CPU.Build.0 = Release|Any CPU
		{67512B4E-3044-4141-A4CA-25FCFB983055}.Debug|Any CPU.ActiveCfg = Debug|Any CPU
		{67512B4E-3044-4141-A4CA-25FCFB983055}.Debug|Any CPU.Build.0 = Debug|Any CPU
		{67512B4E-3044-4141-A4CA-25FCFB983055}.Release|Any CPU.ActiveCfg = Release|Any CPU
		{67512B4E-3044-4141-A4CA-25FCFB983055}.Release|Any CPU.Build.0 = Release|Any CPU
		{C4F8468E-3451-4D17-B7C0-3E6180CBD221}.Debug|Any CPU.ActiveCfg = Debug|Any CPU
		{C4F8468E-3451-4D17-B7C0-3E6180CBD221}.Debug|Any CPU.Build.0 = Debug|Any CPU
		{C4F8468E-3451-4D17-B7C0-3E6180CBD221}.Release|Any CPU.ActiveCfg = Release|Any CPU
		{C4F8468E-3451-4D17-B7C0-3E6180CBD221}.Release|Any CPU.Build.0 = Release|Any CPU
		{2749D6AB-6E51-44F9-BE11-89CDDA946362}.Debug|Any CPU.ActiveCfg = Debug|Any CPU
		{2749D6AB-6E51-44F9-BE11-89CDDA946362}.Debug|Any CPU.Build.0 = Debug|Any CPU
		{2749D6AB-6E51-44F9-BE11-89CDDA946362}.Release|Any CPU.ActiveCfg = Release|Any CPU
		{2749D6AB-6E51-44F9-BE11-89CDDA946362}.Release|Any CPU.Build.0 = Release|Any CPU
		{CA7D78E5-20D3-4C6B-8C90-1C2BBF04656A}.Debug|Any CPU.ActiveCfg = Debug|Any CPU
		{CA7D78E5-20D3-4C6B-8C90-1C2BBF04656A}.Debug|Any CPU.Build.0 = Debug|Any CPU
		{CA7D78E5-20D3-4C6B-8C90-1C2BBF04656A}.Release|Any CPU.ActiveCfg = Release|Any CPU
		{CA7D78E5-20D3-4C6B-8C90-1C2BBF04656A}.Release|Any CPU.Build.0 = Release|Any CPU
		{2F8D5D84-A2F2-4016-876C-22239E333D28}.Debug|Any CPU.ActiveCfg = Debug|Any CPU
		{2F8D5D84-A2F2-4016-876C-22239E333D28}.Debug|Any CPU.Build.0 = Debug|Any CPU
		{2F8D5D84-A2F2-4016-876C-22239E333D28}.Release|Any CPU.ActiveCfg = Release|Any CPU
		{2F8D5D84-A2F2-4016-876C-22239E333D28}.Release|Any CPU.Build.0 = Release|Any CPU
		{C003EC8F-78E0-4B51-8E5C-496E9AE5FCC3}.Debug|Any CPU.ActiveCfg = Debug|Any CPU
		{C003EC8F-78E0-4B51-8E5C-496E9AE5FCC3}.Debug|Any CPU.Build.0 = Debug|Any CPU
		{C003EC8F-78E0-4B51-8E5C-496E9AE5FCC3}.Release|Any CPU.ActiveCfg = Release|Any CPU
		{C003EC8F-78E0-4B51-8E5C-496E9AE5FCC3}.Release|Any CPU.Build.0 = Release|Any CPU
		{4F3A342F-4FF7-4744-B525-01368390280C}.Debug|Any CPU.ActiveCfg = Debug|Any CPU
		{4F3A342F-4FF7-4744-B525-01368390280C}.Debug|Any CPU.Build.0 = Debug|Any CPU
		{4F3A342F-4FF7-4744-B525-01368390280C}.Release|Any CPU.ActiveCfg = Release|Any CPU
		{4F3A342F-4FF7-4744-B525-01368390280C}.Release|Any CPU.Build.0 = Release|Any CPU
		{152014F4-4B93-41BE-9E82-0C9C43373165}.Debug|Any CPU.ActiveCfg = Debug|Any CPU
		{152014F4-4B93-41BE-9E82-0C9C43373165}.Debug|Any CPU.Build.0 = Debug|Any CPU
		{152014F4-4B93-41BE-9E82-0C9C43373165}.Release|Any CPU.ActiveCfg = Release|Any CPU
		{152014F4-4B93-41BE-9E82-0C9C43373165}.Release|Any CPU.Build.0 = Release|Any CPU
		{F5345FF5-9DE9-4897-8BBE-609ACE3B1B08}.Debug|Any CPU.ActiveCfg = Debug|Any CPU
		{F5345FF5-9DE9-4897-8BBE-609ACE3B1B08}.Debug|Any CPU.Build.0 = Debug|Any CPU
		{F5345FF5-9DE9-4897-8BBE-609ACE3B1B08}.Release|Any CPU.ActiveCfg = Release|Any CPU
		{F5345FF5-9DE9-4897-8BBE-609ACE3B1B08}.Release|Any CPU.Build.0 = Release|Any CPU
	EndGlobalSection
	GlobalSection(SolutionProperties) = preSolution
		HideSolutionNode = FALSE
	EndGlobalSection
	GlobalSection(NestedProjects) = preSolution
		{0D5C77C9-AF1F-48FF-83C9-65279931F66C} = {13BE1F63-7B2B-4FED-A4F3-652E13B1E3CA}
		{498B9628-A843-412F-A66C-001FDB725F9C} = {13BE1F63-7B2B-4FED-A4F3-652E13B1E3CA}
		{EB06ED3D-96DE-4D97-AEBA-011260EE9685} = {13BE1F63-7B2B-4FED-A4F3-652E13B1E3CA}
		{764D6926-769C-4B38-9D66-518E626AC610} = {13BE1F63-7B2B-4FED-A4F3-652E13B1E3CA}
		{9E6D8736-DFA6-480B-A7FE-E5468EAF4639} = {13BE1F63-7B2B-4FED-A4F3-652E13B1E3CA}
		{59A673AD-46F1-4A1A-99AE-67BA891F8251} = {13BE1F63-7B2B-4FED-A4F3-652E13B1E3CA}
		{6AAB8EEE-ED0D-426F-AC8F-EA95879DE7F6} = {EA8E90DB-89D7-497D-A24C-05CA54B4F41B}
		{0F0E5B0C-DD37-45D8-9F9C-5D990ADA5A49} = {EA8E90DB-89D7-497D-A24C-05CA54B4F41B}
		{22D7ADC3-F282-4572-A044-9B3296A7A1FB} = {EA8E90DB-89D7-497D-A24C-05CA54B4F41B}
		{C392A7B1-B6F2-475A-8ADD-5EDC07CACD0F} = {EA8E90DB-89D7-497D-A24C-05CA54B4F41B}
		{55775343-7E8E-408F-BC03-252F4007093B} = {EA8E90DB-89D7-497D-A24C-05CA54B4F41B}
		{BECCF2D4-00F4-4F0D-A2E5-06992C863C89} = {EA8E90DB-89D7-497D-A24C-05CA54B4F41B}
		{EBD7BDC4-6BA3-46B5-A607-B00EC250D927} = {E0C44BEE-56CA-4D10-9C37-267353FB50A5}
		{1EA55969-420C-47E1-89BE-498B62CD6CA6} = {E0C44BEE-56CA-4D10-9C37-267353FB50A5}
		{914E2E16-71DE-4F9E-A5AE-B1E034A68F9A} = {E0C44BEE-56CA-4D10-9C37-267353FB50A5}
		{C1808D21-87E4-4E48-BE41-ED8903B6C646} = {E0C44BEE-56CA-4D10-9C37-267353FB50A5}
		{B119D2E0-F9C2-4042-9B12-38E963762DF6} = {E0C44BEE-56CA-4D10-9C37-267353FB50A5}
		{29D7D04D-7038-414E-9600-C93F67F93025} = {E0C44BEE-56CA-4D10-9C37-267353FB50A5}
		{BE98D04C-9CED-4206-8D5B-4DBEF46ED4CE} = {E0C44BEE-56CA-4D10-9C37-267353FB50A5}
		{B9860FE5-1EDA-48B0-8279-EF6BC94B73FB} = {347562ED-6ABC-48D9-8C70-7D661EA389C6}
		{14A8F7F6-C117-4E6B-A3CD-485BCF601761} = {347562ED-6ABC-48D9-8C70-7D661EA389C6}
		{F1BF1816-2D14-4496-8933-BF032EED7F1E} = {347562ED-6ABC-48D9-8C70-7D661EA389C6}
		{5A45ECB3-49C4-4C13-A7FD-420B306EF66F} = {AD89705B-FDE5-4AD2-8892-A49C2655AA58}
		{B2A21E50-6D69-44AA-BE8B-2F7C9EC3C729} = {AD89705B-FDE5-4AD2-8892-A49C2655AA58}
		{EF6096AB-2657-4908-A3C7-7096C6AE095F} = {AD89705B-FDE5-4AD2-8892-A49C2655AA58}
		{5C97C727-D8E6-4DEA-BE6E-9BD9219FF6D7} = {AD89705B-FDE5-4AD2-8892-A49C2655AA58}
		{66F020DB-3143-4BD1-B04C-54221175B9D4} = {AD89705B-FDE5-4AD2-8892-A49C2655AA58}
		{FA9FE38B-4E38-42C2-82E0-FB025ECE489D} = {AD89705B-FDE5-4AD2-8892-A49C2655AA58}
		{D7BF6827-7B95-42E3-BBA4-8519F22D06D7} = {AD89705B-FDE5-4AD2-8892-A49C2655AA58}
		{298FB03D-B86E-4A03-B936-72D24A6F6AAB} = {AD89705B-FDE5-4AD2-8892-A49C2655AA58}
		{3C30F94A-84B3-4A0B-9D50-24E62E2AA1A3} = {73B137A4-7C70-4ADE-9912-A86582251B3F}
		{54DE6119-2A06-45FA-929E-3E5BEDB2225D} = {73B137A4-7C70-4ADE-9912-A86582251B3F}
		{772FA181-F985-49EF-910E-0BE053A2171F} = {4DD29912-0D46-4F32-9505-75063FD5E677}
		{31EAC862-318D-42B1-B7E5-7CE336245E32} = {4DD29912-0D46-4F32-9505-75063FD5E677}
		{1281B448-EBBC-4338-B9F1-3A64E416039E} = {D299D820-B732-4085-BF71-C62A3B97A356}
		{63F088A7-FF1D-4C37-A119-31567F24E74E} = {D299D820-B732-4085-BF71-C62A3B97A356}
		{03202680-CCEF-43F9-B01C-2CD732D50F58} = {53C30D9B-AAD8-4226-A1C0-015FB82EAAE9}
		{DAA5EE1D-9342-4721-824D-49761550C325} = {53C30D9B-AAD8-4226-A1C0-015FB82EAAE9}
		{192A4E8D-EAE1-492C-93EC-69D6EB6E44D8} = {53C30D9B-AAD8-4226-A1C0-015FB82EAAE9}
		{17FD59A4-B32F-4274-92FE-09FDF53E4B7B} = {88754945-F59C-403B-B76B-BF2159DC67DE}
		{D6EFD2B6-FB3C-44F9-805F-069A3ADD9D62} = {88754945-F59C-403B-B76B-BF2159DC67DE}
		{07A8064B-1D8F-4181-8E14-3E741E3701F9} = {88754945-F59C-403B-B76B-BF2159DC67DE}
		{0BE44579-F46D-496B-B5BB-EA0A68FD45C4} = {88754945-F59C-403B-B76B-BF2159DC67DE}
		{67512B4E-3044-4141-A4CA-25FCFB983055} = {DDBF3D7D-4CC6-49C0-AF9B-FE52A4B53804}
		{C4F8468E-3451-4D17-B7C0-3E6180CBD221} = {DDBF3D7D-4CC6-49C0-AF9B-FE52A4B53804}
		{2749D6AB-6E51-44F9-BE11-89CDDA946362} = {DDBF3D7D-4CC6-49C0-AF9B-FE52A4B53804}
		{CA7D78E5-20D3-4C6B-8C90-1C2BBF04656A} = {DDBF3D7D-4CC6-49C0-AF9B-FE52A4B53804}
		{2F8D5D84-A2F2-4016-876C-22239E333D28} = {DDBF3D7D-4CC6-49C0-AF9B-FE52A4B53804}
		{C003EC8F-78E0-4B51-8E5C-496E9AE5FCC3} = {B561A838-554D-44B4-9669-3EC9BB15F922}
		{4F3A342F-4FF7-4744-B525-01368390280C} = {A05444E8-8521-40EA-9CFF-DBEB556E53DA}
		{152014F4-4B93-41BE-9E82-0C9C43373165} = {A05444E8-8521-40EA-9CFF-DBEB556E53DA}
		{F5345FF5-9DE9-4897-8BBE-609ACE3B1B08} = {A05444E8-8521-40EA-9CFF-DBEB556E53DA}
	EndGlobalSection
EndGlobal
