
Microsoft Visual Studio Solution File, Format Version 12.00
# Visual Studio Version 17
VisualStudioVersion = 17.12.35707.178
MinimumVisualStudioVersion = 10.0.40219.1
Project("{2150E333-8FDC-42A3-9474-1A3956D46DE8}") = "Lesson_03", "Lesson_03", "{13BE1F63-7B2B-4FED-A4F3-652E13B1E3CA}"
EndProject
Project("{FAE04EC0-301F-11D3-BF4B-00C04F79EFBC}") = "Task_3_4", "Task_3_4\Task_3_4.csproj", "{0D5C77C9-AF1F-48FF-83C9-65279931F66C}"
EndProject
Project("{FAE04EC0-301F-11D3-BF4B-00C04F79EFBC}") = "task_03_05", "task_03_05\task_03_05.csproj", "{498B9628-A843-412F-A66C-001FDB725F9C}"
EndProject
Project("{FAE04EC0-301F-11D3-BF4B-00C04F79EFBC}") = "task_03_06", "task_03_06\task_03_06.csproj", "{EB06ED3D-96DE-4D97-AEBA-011260EE9685}"
EndProject
Project("{FAE04EC0-301F-11D3-BF4B-00C04F79EFBC}") = "task_03_07", "task_03_07\task_03_07.csproj", "{764D6926-769C-4B38-9D66-518E626AC610}"
EndProject
Project("{FAE04EC0-301F-11D3-BF4B-00C04F79EFBC}") = "task_03_08", "task_03_08\task_03_08.csproj", "{9E6D8736-DFA6-480B-A7FE-E5468EAF4639}"
EndProject
Project("{FAE04EC0-301F-11D3-BF4B-00C04F79EFBC}") = "task_03_09", "task_03_09\task_03_09.csproj", "{59A673AD-46F1-4A1A-99AE-67BA891F8251}"
EndProject
Project("{2150E333-8FDC-42A3-9474-1A3956D46DE8}") = "Lesson_04", "Lesson_04", "{EA8E90DB-89D7-497D-A24C-05CA54B4F41B}"
	ProjectSection(SolutionItems) = preProject
		task_03_09\Program.cs = task_03_09\Program.cs
	EndProjectSection
EndProject
Project("{FAE04EC0-301F-11D3-BF4B-00C04F79EFBC}") = "task_04_05", "task_04_05\task_04_05.csproj", "{6AAB8EEE-ED0D-426F-AC8F-EA95879DE7F6}"
EndProject
Project("{FAE04EC0-301F-11D3-BF4B-00C04F79EFBC}") = "task_04_06", "task_04_06\task_04_06.csproj", "{0F0E5B0C-DD37-45D8-9F9C-5D990ADA5A49}"
EndProject
Project("{FAE04EC0-301F-11D3-BF4B-00C04F79EFBC}") = "task_04_07", "task_04_07\task_04_07.csproj", "{22D7ADC3-F282-4572-A044-9B3296A7A1FB}"
EndProject
Project("{FAE04EC0-301F-11D3-BF4B-00C04F79EFBC}") = "task_04_08", "task_04_08\task_04_08.csproj", "{C392A7B1-B6F2-475A-8ADD-5EDC07CACD0F}"
EndProject
Project("{FAE04EC0-301F-11D3-BF4B-00C04F79EFBC}") = "task_04_09", "task_04_09\task_04_09.csproj", "{55775343-7E8E-408F-BC03-252F4007093B}"
EndProject
Project("{FAE04EC0-301F-11D3-BF4B-00C04F79EFBC}") = "task_04_10", "task_04_10\task_04_10.csproj", "{BECCF2D4-00F4-4F0D-A2E5-06992C863C89}"
EndProject
Project("{2150E333-8FDC-42A3-9474-1A3956D46DE8}") = "Lesson_05", "Lesson_05", "{E0C44BEE-56CA-4D10-9C37-267353FB50A5}"
EndProject
Project("{FAE04EC0-301F-11D3-BF4B-00C04F79EFBC}") = "Task_05_03", "Task_05_03\Task_05_03.csproj", "{EBD7BDC4-6BA3-46B5-A607-B00EC250D927}"
EndProject
Project("{FAE04EC0-301F-11D3-BF4B-00C04F79EFBC}") = "Task_05_04", "Task_05_04\Task_05_04.csproj", "{1EA55969-420C-47E1-89BE-498B62CD6CA6}"
EndProject
Project("{FAE04EC0-301F-11D3-BF4B-00C04F79EFBC}") = "task_05_05", "task_05_05\task_05_05.csproj", "{914E2E16-71DE-4F9E-A5AE-B1E034A68F9A}"
EndProject
Project("{FAE04EC0-301F-11D3-BF4B-00C04F79EFBC}") = "task_05_06", "task_05_06\task_05_06.csproj", "{C1808D21-87E4-4E48-BE41-ED8903B6C646}"
EndProject
Project("{FAE04EC0-301F-11D3-BF4B-00C04F79EFBC}") = "task_05_07", "task_05_07\task_05_07.csproj", "{B119D2E0-F9C2-4042-9B12-38E963762DF6}"
EndProject
Project("{FAE04EC0-301F-11D3-BF4B-00C04F79EFBC}") = "task_05_08", "task_05_08\task_05_08.csproj", "{29D7D04D-7038-414E-9600-C93F67F93025}"
EndProject
Project("{FAE04EC0-301F-11D3-BF4B-00C04F79EFBC}") = "task_05_09", "task_05_09\task_05_09.csproj", "{BE98D04C-9CED-4206-8D5B-4DBEF46ED4CE}"
EndProject
Global
	GlobalSection(SolutionConfigurationPlatforms) = preSolution
		Debug|Any CPU = Debug|Any CPU
		Release|Any CPU = Release|Any CPU
	EndGlobalSection
	GlobalSection(ProjectConfigurationPlatforms) = postSolution
		{0D5C77C9-AF1F-48FF-83C9-65279931F66C}.Debug|Any CPU.ActiveCfg = Debug|Any CPU
		{0D5C77C9-AF1F-48FF-83C9-65279931F66C}.Debug|Any CPU.Build.0 = Debug|Any CPU
		{0D5C77C9-AF1F-48FF-83C9-65279931F66C}.Release|Any CPU.ActiveCfg = Release|Any CPU
		{0D5C77C9-AF1F-48FF-83C9-65279931F66C}.Release|Any CPU.Build.0 = Release|Any CPU
		{498B9628-A843-412F-A66C-001FDB725F9C}.Debug|Any CPU.ActiveCfg = Debug|Any CPU
		{498B9628-A843-412F-A66C-001FDB725F9C}.Debug|Any CPU.Build.0 = Debug|Any CPU
		{498B9628-A843-412F-A66C-001FDB725F9C}.Release|Any CPU.ActiveCfg = Release|Any CPU
		{498B9628-A843-412F-A66C-001FDB725F9C}.Release|Any CPU.Build.0 = Release|Any CPU
		{EB06ED3D-96DE-4D97-AEBA-011260EE9685}.Debug|Any CPU.ActiveCfg = Debug|Any CPU
		{EB06ED3D-96DE-4D97-AEBA-011260EE9685}.Debug|Any CPU.Build.0 = Debug|Any CPU
		{EB06ED3D-96DE-4D97-AEBA-011260EE9685}.Release|Any CPU.ActiveCfg = Release|Any CPU
		{EB06ED3D-96DE-4D97-AEBA-011260EE9685}.Release|Any CPU.Build.0 = Release|Any CPU
		{764D6926-769C-4B38-9D66-518E626AC610}.Debug|Any CPU.ActiveCfg = Debug|Any CPU
		{764D6926-769C-4B38-9D66-518E626AC610}.Debug|Any CPU.Build.0 = Debug|Any CPU
		{764D6926-769C-4B38-9D66-518E626AC610}.Release|Any CPU.ActiveCfg = Release|Any CPU
		{764D6926-769C-4B38-9D66-518E626AC610}.Release|Any CPU.Build.0 = Release|Any CPU
		{9E6D8736-DFA6-480B-A7FE-E5468EAF4639}.Debug|Any CPU.ActiveCfg = Debug|Any CPU
		{9E6D8736-DFA6-480B-A7FE-E5468EAF4639}.Debug|Any CPU.Build.0 = Debug|Any CPU
		{9E6D8736-DFA6-480B-A7FE-E5468EAF4639}.Release|Any CPU.ActiveCfg = Release|Any CPU
		{9E6D8736-DFA6-480B-A7FE-E5468EAF4639}.Release|Any CPU.Build.0 = Release|Any CPU
		{59A673AD-46F1-4A1A-99AE-67BA891F8251}.Debug|Any CPU.ActiveCfg = Debug|Any CPU
		{59A673AD-46F1-4A1A-99AE-67BA891F8251}.Debug|Any CPU.Build.0 = Debug|Any CPU
		{59A673AD-46F1-4A1A-99AE-67BA891F8251}.Release|Any CPU.ActiveCfg = Release|Any CPU
		{59A673AD-46F1-4A1A-99AE-67BA891F8251}.Release|Any CPU.Build.0 = Release|Any CPU
		{6AAB8EEE-ED0D-426F-AC8F-EA95879DE7F6}.Debug|Any CPU.ActiveCfg = Debug|Any CPU
		{6AAB8EEE-ED0D-426F-AC8F-EA95879DE7F6}.Debug|Any CPU.Build.0 = Debug|Any CPU
		{6AAB8EEE-ED0D-426F-AC8F-EA95879DE7F6}.Release|Any CPU.ActiveCfg = Release|Any CPU
		{6AAB8EEE-ED0D-426F-AC8F-EA95879DE7F6}.Release|Any CPU.Build.0 = Release|Any CPU
		{0F0E5B0C-DD37-45D8-9F9C-5D990ADA5A49}.Debug|Any CPU.ActiveCfg = Debug|Any CPU
		{0F0E5B0C-DD37-45D8-9F9C-5D990ADA5A49}.Debug|Any CPU.Build.0 = Debug|Any CPU
		{0F0E5B0C-DD37-45D8-9F9C-5D990ADA5A49}.Release|Any CPU.ActiveCfg = Release|Any CPU
		{0F0E5B0C-DD37-45D8-9F9C-5D990ADA5A49}.Release|Any CPU.Build.0 = Release|Any CPU
		{22D7ADC3-F282-4572-A044-9B3296A7A1FB}.Debug|Any CPU.ActiveCfg = Debug|Any CPU
		{22D7ADC3-F282-4572-A044-9B3296A7A1FB}.Debug|Any CPU.Build.0 = Debug|Any CPU
		{22D7ADC3-F282-4572-A044-9B3296A7A1FB}.Release|Any CPU.ActiveCfg = Release|Any CPU
		{22D7ADC3-F282-4572-A044-9B3296A7A1FB}.Release|Any CPU.Build.0 = Release|Any CPU
		{C392A7B1-B6F2-475A-8ADD-5EDC07CACD0F}.Debug|Any CPU.ActiveCfg = Debug|Any CPU
		{C392A7B1-B6F2-475A-8ADD-5EDC07CACD0F}.Debug|Any CPU.Build.0 = Debug|Any CPU
		{C392A7B1-B6F2-475A-8ADD-5EDC07CACD0F}.Release|Any CPU.ActiveCfg = Release|Any CPU
		{C392A7B1-B6F2-475A-8ADD-5EDC07CACD0F}.Release|Any CPU.Build.0 = Release|Any CPU
		{55775343-7E8E-408F-BC03-252F4007093B}.Debug|Any CPU.ActiveCfg = Debug|Any CPU
		{55775343-7E8E-408F-BC03-252F4007093B}.Debug|Any CPU.Build.0 = Debug|Any CPU
		{55775343-7E8E-408F-BC03-252F4007093B}.Release|Any CPU.ActiveCfg = Release|Any CPU
		{55775343-7E8E-408F-BC03-252F4007093B}.Release|Any CPU.Build.0 = Release|Any CPU
		{BECCF2D4-00F4-4F0D-A2E5-06992C863C89}.Debug|Any CPU.ActiveCfg = Debug|Any CPU
		{BECCF2D4-00F4-4F0D-A2E5-06992C863C89}.Debug|Any CPU.Build.0 = Debug|Any CPU
		{BECCF2D4-00F4-4F0D-A2E5-06992C863C89}.Release|Any CPU.ActiveCfg = Release|Any CPU
		{BECCF2D4-00F4-4F0D-A2E5-06992C863C89}.Release|Any CPU.Build.0 = Release|Any CPU
		{EBD7BDC4-6BA3-46B5-A607-B00EC250D927}.Debug|Any CPU.ActiveCfg = Debug|Any CPU
		{EBD7BDC4-6BA3-46B5-A607-B00EC250D927}.Debug|Any CPU.Build.0 = Debug|Any CPU
		{EBD7BDC4-6BA3-46B5-A607-B00EC250D927}.Release|Any CPU.ActiveCfg = Release|Any CPU
		{EBD7BDC4-6BA3-46B5-A607-B00EC250D927}.Release|Any CPU.Build.0 = Release|Any CPU
		{1EA55969-420C-47E1-89BE-498B62CD6CA6}.Debug|Any CPU.ActiveCfg = Debug|Any CPU
		{1EA55969-420C-47E1-89BE-498B62CD6CA6}.Debug|Any CPU.Build.0 = Debug|Any CPU
		{1EA55969-420C-47E1-89BE-498B62CD6CA6}.Release|Any CPU.ActiveCfg = Release|Any CPU
		{1EA55969-420C-47E1-89BE-498B62CD6CA6}.Release|Any CPU.Build.0 = Release|Any CPU
		{914E2E16-71DE-4F9E-A5AE-B1E034A68F9A}.Debug|Any CPU.ActiveCfg = Debug|Any CPU
		{914E2E16-71DE-4F9E-A5AE-B1E034A68F9A}.Debug|Any CPU.Build.0 = Debug|Any CPU
		{914E2E16-71DE-4F9E-A5AE-B1E034A68F9A}.Release|Any CPU.ActiveCfg = Release|Any CPU
		{914E2E16-71DE-4F9E-A5AE-B1E034A68F9A}.Release|Any CPU.Build.0 = Release|Any CPU
		{C1808D21-87E4-4E48-BE41-ED8903B6C646}.Debug|Any CPU.ActiveCfg = Debug|Any CPU
		{C1808D21-87E4-4E48-BE41-ED8903B6C646}.Debug|Any CPU.Build.0 = Debug|Any CPU
		{C1808D21-87E4-4E48-BE41-ED8903B6C646}.Release|Any CPU.ActiveCfg = Release|Any CPU
		{C1808D21-87E4-4E48-BE41-ED8903B6C646}.Release|Any CPU.Build.0 = Release|Any CPU
		{B119D2E0-F9C2-4042-9B12-38E963762DF6}.Debug|Any CPU.ActiveCfg = Debug|Any CPU
		{B119D2E0-F9C2-4042-9B12-38E963762DF6}.Debug|Any CPU.Build.0 = Debug|Any CPU
		{B119D2E0-F9C2-4042-9B12-38E963762DF6}.Release|Any CPU.ActiveCfg = Release|Any CPU
		{B119D2E0-F9C2-4042-9B12-38E963762DF6}.Release|Any CPU.Build.0 = Release|Any CPU
		{29D7D04D-7038-414E-9600-C93F67F93025}.Debug|Any CPU.ActiveCfg = Debug|Any CPU
		{29D7D04D-7038-414E-9600-C93F67F93025}.Debug|Any CPU.Build.0 = Debug|Any CPU
		{29D7D04D-7038-414E-9600-C93F67F93025}.Release|Any CPU.ActiveCfg = Release|Any CPU
		{29D7D04D-7038-414E-9600-C93F67F93025}.Release|Any CPU.Build.0 = Release|Any CPU
		{BE98D04C-9CED-4206-8D5B-4DBEF46ED4CE}.Debug|Any CPU.ActiveCfg = Debug|Any CPU
		{BE98D04C-9CED-4206-8D5B-4DBEF46ED4CE}.Debug|Any CPU.Build.0 = Debug|Any CPU
		{BE98D04C-9CED-4206-8D5B-4DBEF46ED4CE}.Release|Any CPU.ActiveCfg = Release|Any CPU
		{BE98D04C-9CED-4206-8D5B-4DBEF46ED4CE}.Release|Any CPU.Build.0 = Release|Any CPU
	EndGlobalSection
	GlobalSection(SolutionProperties) = preSolution
		HideSolutionNode = FALSE
	EndGlobalSection
	GlobalSection(NestedProjects) = preSolution
		{0D5C77C9-AF1F-48FF-83C9-65279931F66C} = {13BE1F63-7B2B-4FED-A4F3-652E13B1E3CA}
		{498B9628-A843-412F-A66C-001FDB725F9C} = {13BE1F63-7B2B-4FED-A4F3-652E13B1E3CA}
		{EB06ED3D-96DE-4D97-AEBA-011260EE9685} = {13BE1F63-7B2B-4FED-A4F3-652E13B1E3CA}
		{764D6926-769C-4B38-9D66-518E626AC610} = {13BE1F63-7B2B-4FED-A4F3-652E13B1E3CA}
		{9E6D8736-DFA6-480B-A7FE-E5468EAF4639} = {13BE1F63-7B2B-4FED-A4F3-652E13B1E3CA}
		{59A673AD-46F1-4A1A-99AE-67BA891F8251} = {13BE1F63-7B2B-4FED-A4F3-652E13B1E3CA}
		{6AAB8EEE-ED0D-426F-AC8F-EA95879DE7F6} = {EA8E90DB-89D7-497D-A24C-05CA54B4F41B}
		{0F0E5B0C-DD37-45D8-9F9C-5D990ADA5A49} = {EA8E90DB-89D7-497D-A24C-05CA54B4F41B}
		{22D7ADC3-F282-4572-A044-9B3296A7A1FB} = {EA8E90DB-89D7-497D-A24C-05CA54B4F41B}
		{C392A7B1-B6F2-475A-8ADD-5EDC07CACD0F} = {EA8E90DB-89D7-497D-A24C-05CA54B4F41B}
		{55775343-7E8E-408F-BC03-252F4007093B} = {EA8E90DB-89D7-497D-A24C-05CA54B4F41B}
		{BECCF2D4-00F4-4F0D-A2E5-06992C863C89} = {EA8E90DB-89D7-497D-A24C-05CA54B4F41B}
		{EBD7BDC4-6BA3-46B5-A607-B00EC250D927} = {E0C44BEE-56CA-4D10-9C37-267353FB50A5}
		{1EA55969-420C-47E1-89BE-498B62CD6CA6} = {E0C44BEE-56CA-4D10-9C37-267353FB50A5}
		{914E2E16-71DE-4F9E-A5AE-B1E034A68F9A} = {E0C44BEE-56CA-4D10-9C37-267353FB50A5}
		{C1808D21-87E4-4E48-BE41-ED8903B6C646} = {E0C44BEE-56CA-4D10-9C37-267353FB50A5}
		{B119D2E0-F9C2-4042-9B12-38E963762DF6} = {E0C44BEE-56CA-4D10-9C37-267353FB50A5}
		{29D7D04D-7038-414E-9600-C93F67F93025} = {E0C44BEE-56CA-4D10-9C37-267353FB50A5}
		{BE98D04C-9CED-4206-8D5B-4DBEF46ED4CE} = {E0C44BEE-56CA-4D10-9C37-267353FB50A5}
	EndGlobalSection
EndGlobal
